
Microsoft Visual Studio Solution File, Format Version 11.00
# Visual Studio 2010
Project("{FAE04EC0-301F-11D3-BF4B-00C04F79EFBC}") = "DocumentModel", "DocumentModel\DocumentModel.csproj", "{C5BE3494-F816-4899-B835-03B16BE76ECE}"
EndProject
Project("{FAE04EC0-301F-11D3-BF4B-00C04F79EFBC}") = "PrecedenceModel", "PrecedenceModel\PrecedenceModel.csproj", "{A0348067-04CE-4C7A-A0DF-88737A877452}"
EndProject
Project("{FAE04EC0-301F-11D3-BF4B-00C04F79EFBC}") = "QueryModel", "QueryModel\QueryModel.csproj", "{B1568DFD-F935-4E84-90E0-3A5A0AA82E73}"
EndProject
Global
	GlobalSection(SolutionConfigurationPlatforms) = preSolution
		Debug|x86 = Debug|x86
		Release|x86 = Release|x86
	EndGlobalSection
	GlobalSection(ProjectConfigurationPlatforms) = postSolution
		{C5BE3494-F816-4899-B835-03B16BE76ECE}.Debug|x86.ActiveCfg = Debug|x86
		{C5BE3494-F816-4899-B835-03B16BE76ECE}.Debug|x86.Build.0 = Debug|x86
		{C5BE3494-F816-4899-B835-03B16BE76ECE}.Release|x86.ActiveCfg = Release|x86
		{C5BE3494-F816-4899-B835-03B16BE76ECE}.Release|x86.Build.0 = Release|x86
		{A0348067-04CE-4C7A-A0DF-88737A877452}.Debug|x86.ActiveCfg = Debug|x86
		{A0348067-04CE-4C7A-A0DF-88737A877452}.Debug|x86.Build.0 = Debug|x86
		{A0348067-04CE-4C7A-A0DF-88737A877452}.Release|x86.ActiveCfg = Release|x86
		{A0348067-04CE-4C7A-A0DF-88737A877452}.Release|x86.Build.0 = Release|x86
		{B1568DFD-F935-4E84-90E0-3A5A0AA82E73}.Debug|x86.ActiveCfg = Debug|x86
		{B1568DFD-F935-4E84-90E0-3A5A0AA82E73}.Debug|x86.Build.0 = Debug|x86
		{B1568DFD-F935-4E84-90E0-3A5A0AA82E73}.Release|x86.ActiveCfg = Release|x86
		{B1568DFD-F935-4E84-90E0-3A5A0AA82E73}.Release|x86.Build.0 = Release|x86
	EndGlobalSection
	GlobalSection(SolutionProperties) = preSolution
		HideSolutionNode = FALSE
	EndGlobalSection
EndGlobal
